
Microsoft Visual Studio Solution File, Format Version 12.00
# Visual Studio Version 17
VisualStudioVersion = 17.0.32112.339
MinimumVisualStudioVersion = 10.0.40219.1
Project("{FAE04EC0-301F-11D3-BF4B-00C04F79EFBC}") = "Calculator", "Calculator.csproj", "{4049A39E-EABF-4B81-8A5C-ECB109C633FA}"
EndProject
Global
	GlobalSection(SolutionConfigurationPlatforms) = preSolution
		Debug|Any CPU = Debug|Any CPU
		Release|Any CPU = Release|Any CPU
	EndGlobalSection
	GlobalSection(ProjectConfigurationPlatforms) = postSolution
		{4049A39E-EABF-4B81-8A5C-ECB109C633FA}.Debug|Any CPU.ActiveCfg = Debug|Any CPU
		{4049A39E-EABF-4B81-8A5C-ECB109C633FA}.Debug|Any CPU.Build.0 = Debug|Any CPU
		{4049A39E-EABF-4B81-8A5C-ECB109C633FA}.Release|Any CPU.ActiveCfg = Release|Any CPU
		{4049A39E-EABF-4B81-8A5C-ECB109C633FA}.Release|Any CPU.Build.0 = Release|Any CPU
	EndGlobalSection
	GlobalSection(SolutionProperties) = preSolution
		HideSolutionNode = FALSE
	EndGlobalSection
	GlobalSection(ExtensibilityGlobals) = postSolution
		SolutionGuid = {3840864E-03C8-4DF8-996B-B0C2BCE16BE7}
	EndGlobalSection
EndGlobal
